
Microsoft Visual Studio Solution File, Format Version 12.00
# Visual Studio Version 16
VisualStudioVersion = 16.0.29509.3
MinimumVisualStudioVersion = 10.0.40219.1
Project("{FAE04EC0-301F-11D3-BF4B-00C04F79EFBC}") = "ParserHTML", "ParserHTML\ParserHTML.csproj", "{97AF8194-03ED-4F3D-A0BB-9668B047C195}"
EndProject
Global
	GlobalSection(SolutionConfigurationPlatforms) = preSolution
		Debug|Any CPU = Debug|Any CPU
		Release|Any CPU = Release|Any CPU
	EndGlobalSection
	GlobalSection(ProjectConfigurationPlatforms) = postSolution
		{97AF8194-03ED-4F3D-A0BB-9668B047C195}.Debug|Any CPU.ActiveCfg = Debug|Any CPU
		{97AF8194-03ED-4F3D-A0BB-9668B047C195}.Debug|Any CPU.Build.0 = Debug|Any CPU
		{97AF8194-03ED-4F3D-A0BB-9668B047C195}.Release|Any CPU.ActiveCfg = Release|Any CPU
		{97AF8194-03ED-4F3D-A0BB-9668B047C195}.Release|Any CPU.Build.0 = Release|Any CPU
	EndGlobalSection
	GlobalSection(SolutionProperties) = preSolution
		HideSolutionNode = FALSE
	EndGlobalSection
	GlobalSection(ExtensibilityGlobals) = postSolution
		SolutionGuid = {B7EEB7D7-51C7-4012-A778-58C43B3CFD15}
	EndGlobalSection
EndGlobal
